// !$*UTF8*$!
{
	archiveVersion = 1;
	classes = {
	};
	objectVersion = 48;
	objects = {

/* Begin PBXBuildFile section */
		A103C21D200A44EA0054DEB1 /* AppDelegate.swift in Sources */ = {isa = PBXBuildFile; fileRef = A103C21C200A44EA0054DEB1 /* AppDelegate.swift */; };
		A103C21F200A44EA0054DEB1 /* ViewController.swift in Sources */ = {isa = PBXBuildFile; fileRef = A103C21E200A44EA0054DEB1 /* ViewController.swift */; };
		A103C222200A44EA0054DEB1 /* Main.storyboard in Resources */ = {isa = PBXBuildFile; fileRef = A103C220200A44EA0054DEB1 /* Main.storyboard */; };
		A103C224200A44EB0054DEB1 /* Assets.xcassets in Resources */ = {isa = PBXBuildFile; fileRef = A103C223200A44EA0054DEB1 /* Assets.xcassets */; };
		A103C227200A44EB0054DEB1 /* LaunchScreen.storyboard in Resources */ = {isa = PBXBuildFile; fileRef = A103C225200A44EB0054DEB1 /* LaunchScreen.storyboard */; };
		A103C232200A44EB0054DEB1 /* Aging_PeopleTests.swift in Sources */ = {isa = PBXBuildFile; fileRef = A103C231200A44EB0054DEB1 /* Aging_PeopleTests.swift */; };
		A103C23D200A44EB0054DEB1 /* Aging_PeopleUITests.swift in Sources */ = {isa = PBXBuildFile; fileRef = A103C23C200A44EB0054DEB1 /* Aging_PeopleUITests.swift */; };
/* End PBXBuildFile section */

/* Begin PBXContainerItemProxy section */
		A103C22E200A44EB0054DEB1 /* PBXContainerItemProxy */ = {
			isa = PBXContainerItemProxy;
			containerPortal = A103C211200A44EA0054DEB1 /* Project object */;
			proxyType = 1;
			remoteGlobalIDString = A103C218200A44EA0054DEB1;
			remoteInfo = "Aging People";
		};
		A103C239200A44EB0054DEB1 /* PBXContainerItemProxy */ = {
			isa = PBXContainerItemProxy;
			containerPortal = A103C211200A44EA0054DEB1 /* Project object */;
			proxyType = 1;
			remoteGlobalIDString = A103C218200A44EA0054DEB1;
			remoteInfo = "Aging People";
		};
/* End PBXContainerItemProxy section */

/* Begin PBXFileReference section */
		A103C219200A44EA0054DEB1 /* Aging People.app */ = {isa = PBXFileReference; explicitFileType = wrapper.application; includeInIndex = 0; path = "Aging People.app"; sourceTree = BUILT_PRODUCTS_DIR; };
		A103C21C200A44EA0054DEB1 /* AppDelegate.swift */ = {isa = PBXFileReference; lastKnownFileType = sourcecode.swift; path = AppDelegate.swift; sourceTree = "<group>"; };
		A103C21E200A44EA0054DEB1 /* ViewController.swift */ = {isa = PBXFileReference; lastKnownFileType = sourcecode.swift; path = ViewController.swift; sourceTree = "<group>"; };
		A103C221200A44EA0054DEB1 /* Base */ = {isa = PBXFileReference; lastKnownFileType = file.storyboard; name = Base; path = Base.lproj/Main.storyboard; sourceTree = "<group>"; };
		A103C223200A44EA0054DEB1 /* Assets.xcassets */ = {isa = PBXFileReference; lastKnownFileType = folder.assetcatalog; path = Assets.xcassets; sourceTree = "<group>"; };
		A103C226200A44EB0054DEB1 /* Base */ = {isa = PBXFileReference; lastKnownFileType = file.storyboard; name = Base; path = Base.lproj/LaunchScreen.storyboard; sourceTree = "<group>"; };
		A103C228200A44EB0054DEB1 /* Info.plist */ = {isa = PBXFileReference; lastKnownFileType = text.plist.xml; path = Info.plist; sourceTree = "<group>"; };
		A103C22D200A44EB0054DEB1 /* Aging PeopleTests.xctest */ = {isa = PBXFileReference; explicitFileType = wrapper.cfbundle; includeInIndex = 0; path = "Aging PeopleTests.xctest"; sourceTree = BUILT_PRODUCTS_DIR; };
		A103C231200A44EB0054DEB1 /* Aging_PeopleTests.swift */ = {isa = PBXFileReference; lastKnownFileType = sourcecode.swift; path = Aging_PeopleTests.swift; sourceTree = "<group>"; };
		A103C233200A44EB0054DEB1 /* Info.plist */ = {isa = PBXFileReference; lastKnownFileType = text.plist.xml; path = Info.plist; sourceTree = "<group>"; };
		A103C238200A44EB0054DEB1 /* Aging PeopleUITests.xctest */ = {isa = PBXFileReference; explicitFileType = wrapper.cfbundle; includeInIndex = 0; path = "Aging PeopleUITests.xctest"; sourceTree = BUILT_PRODUCTS_DIR; };
		A103C23C200A44EB0054DEB1 /* Aging_PeopleUITests.swift */ = {isa = PBXFileReference; lastKnownFileType = sourcecode.swift; path = Aging_PeopleUITests.swift; sourceTree = "<group>"; };
		A103C23E200A44EB0054DEB1 /* Info.plist */ = {isa = PBXFileReference; lastKnownFileType = text.plist.xml; path = Info.plist; sourceTree = "<group>"; };
/* End PBXFileReference section */

/* Begin PBXFrameworksBuildPhase section */
		A103C216200A44EA0054DEB1 /* Frameworks */ = {
			isa = PBXFrameworksBuildPhase;
			buildActionMask = 2147483647;
			files = (
			);
			runOnlyForDeploymentPostprocessing = 0;
		};
		A103C22A200A44EB0054DEB1 /* Frameworks */ = {
			isa = PBXFrameworksBuildPhase;
			buildActionMask = 2147483647;
			files = (
			);
			runOnlyForDeploymentPostprocessing = 0;
		};
		A103C235200A44EB0054DEB1 /* Frameworks */ = {
			isa = PBXFrameworksBuildPhase;
			buildActionMask = 2147483647;
			files = (
			);
			runOnlyForDeploymentPostprocessing = 0;
		};
/* End PBXFrameworksBuildPhase section */

/* Begin PBXGroup section */
		A103C210200A44EA0054DEB1 = {
			isa = PBXGroup;
			children = (
				A103C21B200A44EA0054DEB1 /* Aging People */,
				A103C230200A44EB0054DEB1 /* Aging PeopleTests */,
				A103C23B200A44EB0054DEB1 /* Aging PeopleUITests */,
				A103C21A200A44EA0054DEB1 /* Products */,
			);
			sourceTree = "<group>";
		};
		A103C21A200A44EA0054DEB1 /* Products */ = {
			isa = PBXGroup;
			children = (
				A103C219200A44EA0054DEB1 /* Aging People.app */,
				A103C22D200A44EB0054DEB1 /* Aging PeopleTests.xctest */,
				A103C238200A44EB0054DEB1 /* Aging PeopleUITests.xctest */,
			);
			name = Products;
			sourceTree = "<group>";
		};
		A103C21B200A44EA0054DEB1 /* Aging People */ = {
			isa = PBXGroup;
			children = (
				A103C21C200A44EA0054DEB1 /* AppDelegate.swift */,
				A103C21E200A44EA0054DEB1 /* ViewController.swift */,
				A103C220200A44EA0054DEB1 /* Main.storyboard */,
				A103C223200A44EA0054DEB1 /* Assets.xcassets */,
				A103C225200A44EB0054DEB1 /* LaunchScreen.storyboard */,
				A103C228200A44EB0054DEB1 /* Info.plist */,
			);
			path = "Aging People";
			sourceTree = "<group>";
		};
		A103C230200A44EB0054DEB1 /* Aging PeopleTests */ = {
			isa = PBXGroup;
			children = (
				A103C231200A44EB0054DEB1 /* Aging_PeopleTests.swift */,
				A103C233200A44EB0054DEB1 /* Info.plist */,
			);
			path = "Aging PeopleTests";
			sourceTree = "<group>";
		};
		A103C23B200A44EB0054DEB1 /* Aging PeopleUITests */ = {
			isa = PBXGroup;
			children = (
				A103C23C200A44EB0054DEB1 /* Aging_PeopleUITests.swift */,
				A103C23E200A44EB0054DEB1 /* Info.plist */,
			);
			path = "Aging PeopleUITests";
			sourceTree = "<group>";
		};
/* End PBXGroup section */

/* Begin PBXNativeTarget section */
		A103C218200A44EA0054DEB1 /* Aging People */ = {
			isa = PBXNativeTarget;
			buildConfigurationList = A103C241200A44EB0054DEB1 /* Build configuration list for PBXNativeTarget "Aging People" */;
			buildPhases = (
				A103C215200A44EA0054DEB1 /* Sources */,
				A103C216200A44EA0054DEB1 /* Frameworks */,
				A103C217200A44EA0054DEB1 /* Resources */,
			);
			buildRules = (
			);
			dependencies = (
			);
			name = "Aging People";
			productName = "Aging People";
			productReference = A103C219200A44EA0054DEB1 /* Aging People.app */;
			productType = "com.apple.product-type.application";
		};
		A103C22C200A44EB0054DEB1 /* Aging PeopleTests */ = {
			isa = PBXNativeTarget;
			buildConfigurationList = A103C244200A44EB0054DEB1 /* Build configuration list for PBXNativeTarget "Aging PeopleTests" */;
			buildPhases = (
				A103C229200A44EB0054DEB1 /* Sources */,
				A103C22A200A44EB0054DEB1 /* Frameworks */,
				A103C22B200A44EB0054DEB1 /* Resources */,
			);
			buildRules = (
			);
			dependencies = (
				A103C22F200A44EB0054DEB1 /* PBXTargetDependency */,
			);
			name = "Aging PeopleTests";
			productName = "Aging PeopleTests";
			productReference = A103C22D200A44EB0054DEB1 /* Aging PeopleTests.xctest */;
			productType = "com.apple.product-type.bundle.unit-test";
		};
		A103C237200A44EB0054DEB1 /* Aging PeopleUITests */ = {
			isa = PBXNativeTarget;
			buildConfigurationList = A103C247200A44EB0054DEB1 /* Build configuration list for PBXNativeTarget "Aging PeopleUITests" */;
			buildPhases = (
				A103C234200A44EB0054DEB1 /* Sources */,
				A103C235200A44EB0054DEB1 /* Frameworks */,
				A103C236200A44EB0054DEB1 /* Resources */,
			);
			buildRules = (
			);
			dependencies = (
				A103C23A200A44EB0054DEB1 /* PBXTargetDependency */,
			);
			name = "Aging PeopleUITests";
			productName = "Aging PeopleUITests";
			productReference = A103C238200A44EB0054DEB1 /* Aging PeopleUITests.xctest */;
			productType = "com.apple.product-type.bundle.ui-testing";
		};
/* End PBXNativeTarget section */

/* Begin PBXProject section */
		A103C211200A44EA0054DEB1 /* Project object */ = {
			isa = PBXProject;
			attributes = {
				LastSwiftUpdateCheck = 0920;
				LastUpgradeCheck = 0920;
				ORGANIZATIONNAME = Emily;
				TargetAttributes = {
					A103C218200A44EA0054DEB1 = {
						CreatedOnToolsVersion = 9.2;
						ProvisioningStyle = Automatic;
					};
					A103C22C200A44EB0054DEB1 = {
						CreatedOnToolsVersion = 9.2;
						ProvisioningStyle = Automatic;
						TestTargetID = A103C218200A44EA0054DEB1;
					};
					A103C237200A44EB0054DEB1 = {
						CreatedOnToolsVersion = 9.2;
						ProvisioningStyle = Automatic;
						TestTargetID = A103C218200A44EA0054DEB1;
					};
				};
			};
			buildConfigurationList = A103C214200A44EA0054DEB1 /* Build configuration list for PBXProject "Aging People" */;
			compatibilityVersion = "Xcode 8.0";
			developmentRegion = en;
			hasScannedForEncodings = 0;
			knownRegions = (
				en,
				Base,
			);
			mainGroup = A103C210200A44EA0054DEB1;
			productRefGroup = A103C21A200A44EA0054DEB1 /* Products */;
			projectDirPath = "";
			projectRoot = "";
			targets = (
				A103C218200A44EA0054DEB1 /* Aging People */,
				A103C22C200A44EB0054DEB1 /* Aging PeopleTests */,
				A103C237200A44EB0054DEB1 /* Aging PeopleUITests */,
			);
		};
/* End PBXProject section */

/* Begin PBXResourcesBuildPhase section */
		A103C217200A44EA0054DEB1 /* Resources */ = {
			isa = PBXResourcesBuildPhase;
			buildActionMask = 2147483647;
			files = (
				A103C227200A44EB0054DEB1 /* LaunchScreen.storyboard in Resources */,
				A103C224200A44EB0054DEB1 /* Assets.xcassets in Resources */,
				A103C222200A44EA0054DEB1 /* Main.storyboard in Resources */,
			);
			runOnlyForDeploymentPostprocessing = 0;
		};
		A103C22B200A44EB0054DEB1 /* Resources */ = {
			isa = PBXResourcesBuildPhase;
			buildActionMask = 2147483647;
			files = (
			);
			runOnlyForDeploymentPostprocessing = 0;
		};
		A103C236200A44EB0054DEB1 /* Resources */ = {
			isa = PBXResourcesBuildPhase;
			buildActionMask = 2147483647;
			files = (
			);
			runOnlyForDeploymentPostprocessing = 0;
		};
/* End PBXResourcesBuildPhase section */

/* Begin PBXSourcesBuildPhase section */
		A103C215200A44EA0054DEB1 /* Sources */ = {
			isa = PBXSourcesBuildPhase;
			buildActionMask = 2147483647;
			files = (
				A103C21F200A44EA0054DEB1 /* ViewController.swift in Sources */,
				A103C21D200A44EA0054DEB1 /* AppDelegate.swift in Sources */,
			);
			runOnlyForDeploymentPostprocessing = 0;
		};
		A103C229200A44EB0054DEB1 /* Sources */ = {
			isa = PBXSourcesBuildPhase;
			buildActionMask = 2147483647;
			files = (
				A103C232200A44EB0054DEB1 /* Aging_PeopleTests.swift in Sources */,
			);
			runOnlyForDeploymentPostprocessing = 0;
		};
		A103C234200A44EB0054DEB1 /* Sources */ = {
			isa = PBXSourcesBuildPhase;
			buildActionMask = 2147483647;
			files = (
				A103C23D200A44EB0054DEB1 /* Aging_PeopleUITests.swift in Sources */,
			);
			runOnlyForDeploymentPostprocessing = 0;
		};
/* End PBXSourcesBuildPhase section */

/* Begin PBXTargetDependency section */
		A103C22F200A44EB0054DEB1 /* PBXTargetDependency */ = {
			isa = PBXTargetDependency;
			target = A103C218200A44EA0054DEB1 /* Aging People */;
			targetProxy = A103C22E200A44EB0054DEB1 /* PBXContainerItemProxy */;
		};
		A103C23A200A44EB0054DEB1 /* PBXTargetDependency */ = {
			isa = PBXTargetDependency;
			target = A103C218200A44EA0054DEB1 /* Aging People */;
			targetProxy = A103C239200A44EB0054DEB1 /* PBXContainerItemProxy */;
		};
/* End PBXTargetDependency section */

/* Begin PBXVariantGroup section */
		A103C220200A44EA0054DEB1 /* Main.storyboard */ = {
			isa = PBXVariantGroup;
			children = (
				A103C221200A44EA0054DEB1 /* Base */,
			);
			name = Main.storyboard;
			sourceTree = "<group>";
		};
		A103C225200A44EB0054DEB1 /* LaunchScreen.storyboard */ = {
			isa = PBXVariantGroup;
			children = (
				A103C226200A44EB0054DEB1 /* Base */,
			);
			name = LaunchScreen.storyboard;
			sourceTree = "<group>";
		};
/* End PBXVariantGroup section */

/* Begin XCBuildConfiguration section */
		A103C23F200A44EB0054DEB1 /* Debug */ = {
			isa = XCBuildConfiguration;
			buildSettings = {
				ALWAYS_SEARCH_USER_PATHS = NO;
				CLANG_ANALYZER_NONNULL = YES;
				CLANG_ANALYZER_NUMBER_OBJECT_CONVERSION = YES_AGGRESSIVE;
				CLANG_CXX_LANGUAGE_STANDARD = "gnu++14";
				CLANG_CXX_LIBRARY = "libc++";
				CLANG_ENABLE_MODULES = YES;
				CLANG_ENABLE_OBJC_ARC = YES;
				CLANG_WARN_BLOCK_CAPTURE_AUTORELEASING = YES;
				CLANG_WARN_BOOL_CONVERSION = YES;
				CLANG_WARN_COMMA = YES;
				CLANG_WARN_CONSTANT_CONVERSION = YES;
				CLANG_WARN_DIRECT_OBJC_ISA_USAGE = YES_ERROR;
				CLANG_WARN_DOCUMENTATION_COMMENTS = YES;
				CLANG_WARN_EMPTY_BODY = YES;
				CLANG_WARN_ENUM_CONVERSION = YES;
				CLANG_WARN_INFINITE_RECURSION = YES;
				CLANG_WARN_INT_CONVERSION = YES;
				CLANG_WARN_NON_LITERAL_NULL_CONVERSION = YES;
				CLANG_WARN_OBJC_LITERAL_CONVERSION = YES;
				CLANG_WARN_OBJC_ROOT_CLASS = YES_ERROR;
				CLANG_WARN_RANGE_LOOP_ANALYSIS = YES;
				CLANG_WARN_STRICT_PROTOTYPES = YES;
				CLANG_WARN_SUSPICIOUS_MOVE = YES;
				CLANG_WARN_UNGUARDED_AVAILABILITY = YES_AGGRESSIVE;
				CLANG_WARN_UNREACHABLE_CODE = YES;
				CLANG_WARN__DUPLICATE_METHOD_MATCH = YES;
				CODE_SIGN_IDENTITY = "iPhone Developer";
				COPY_PHASE_STRIP = NO;
				DEBUG_INFORMATION_FORMAT = dwarf;
				ENABLE_STRICT_OBJC_MSGSEND = YES;
				ENABLE_TESTABILITY = YES;
				GCC_C_LANGUAGE_STANDARD = gnu11;
				GCC_DYNAMIC_NO_PIC = NO;
				GCC_NO_COMMON_BLOCKS = YES;
				GCC_OPTIMIZATION_LEVEL = 0;
				GCC_PREPROCESSOR_DEFINITIONS = (
					"DEBUG=1",
					"$(inherited)",
				);
				GCC_WARN_64_TO_32_BIT_CONVERSION = YES;
				GCC_WARN_ABOUT_RETURN_TYPE = YES_ERROR;
				GCC_WARN_UNDECLARED_SELECTOR = YES;
				GCC_WARN_UNINITIALIZED_AUTOS = YES_AGGRESSIVE;
				GCC_WARN_UNUSED_FUNCTION = YES;
				GCC_WARN_UNUSED_VARIABLE = YES;
				IPHONEOS_DEPLOYMENT_TARGET = 11.2;
				MTL_ENABLE_DEBUG_INFO = YES;
				ONLY_ACTIVE_ARCH = YES;
				SDKROOT = iphoneos;
				SWIFT_ACTIVE_COMPILATION_CONDITIONS = DEBUG;
				SWIFT_OPTIMIZATION_LEVEL = "-Onone";
			};
			name = Debug;
		};
		A103C240200A44EB0054DEB1 /* Release */ = {
			isa = XCBuildConfiguration;
			buildSettings = {
				ALWAYS_SEARCH_USER_PATHS = NO;
				CLANG_ANALYZER_NONNULL = YES;
				CLANG_ANALYZER_NUMBER_OBJECT_CONVERSION = YES_AGGRESSIVE;
				CLANG_CXX_LANGUAGE_STANDARD = "gnu++14";
				CLANG_CXX_LIBRARY = "libc++";
				CLANG_ENABLE_MODULES = YES;
				CLANG_ENABLE_OBJC_ARC = YES;
				CLANG_WARN_BLOCK_CAPTURE_AUTORELEASING = YES;
				CLANG_WARN_BOOL_CONVERSION = YES;
				CLANG_WARN_COMMA = YES;
				CLANG_WARN_CONSTANT_CONVERSION = YES;
				CLANG_WARN_DIRECT_OBJC_ISA_USAGE = YES_ERROR;
				CLANG_WARN_DOCUMENTATION_COMMENTS = YES;
				CLANG_WARN_EMPTY_BODY = YES;
				CLANG_WARN_ENUM_CONVERSION = YES;
				CLANG_WARN_INFINITE_RECURSION = YES;
				CLANG_WARN_INT_CONVERSION = YES;
				CLANG_WARN_NON_LITERAL_NULL_CONVERSION = YES;
				CLANG_WARN_OBJC_LITERAL_CONVERSION = YES;
				CLANG_WARN_OBJC_ROOT_CLASS = YES_ERROR;
				CLANG_WARN_RANGE_LOOP_ANALYSIS = YES;
				CLANG_WARN_STRICT_PROTOTYPES = YES;
				CLANG_WARN_SUSPICIOUS_MOVE = YES;
				CLANG_WARN_UNGUARDED_AVAILABILITY = YES_AGGRESSIVE;
				CLANG_WARN_UNREACHABLE_CODE = YES;
				CLANG_WARN__DUPLICATE_METHOD_MATCH = YES;
				CODE_SIGN_IDENTITY = "iPhone Developer";
				COPY_PHASE_STRIP = NO;
				DEBUG_INFORMATION_FORMAT = "dwarf-with-dsym";
				ENABLE_NS_ASSERTIONS = NO;
				ENABLE_STRICT_OBJC_MSGSEND = YES;
				GCC_C_LANGUAGE_STANDARD = gnu11;
				GCC_NO_COMMON_BLOCKS = YES;
				GCC_WARN_64_TO_32_BIT_CONVERSION = YES;
				GCC_WARN_ABOUT_RETURN_TYPE = YES_ERROR;
				GCC_WARN_UNDECLARED_SELECTOR = YES;
				GCC_WARN_UNINITIALIZED_AUTOS = YES_AGGRESSIVE;
				GCC_WARN_UNUSED_FUNCTION = YES;
				GCC_WARN_UNUSED_VARIABLE = YES;
				IPHONEOS_DEPLOYMENT_TARGET = 11.2;
				MTL_ENABLE_DEBUG_INFO = NO;
				SDKROOT = iphoneos;
				SWIFT_OPTIMIZATION_LEVEL = "-Owholemodule";
				VALIDATE_PRODUCT = YES;
			};
			name = Release;
		};
		A103C242200A44EB0054DEB1 /* Debug */ = {
			isa = XCBuildConfiguration;
			buildSettings = {
				ASSETCATALOG_COMPILER_APPICON_NAME = AppIcon;
				CODE_SIGN_STYLE = Automatic;
				INFOPLIST_FILE = "Aging People/Info.plist";
				LD_RUNPATH_SEARCH_PATHS = "$(inherited) @executable_path/Frameworks";
				PRODUCT_BUNDLE_IDENTIFIER = "com.codingdojo.Aging-People";
				PRODUCT_NAME = "$(TARGET_NAME)";
				SWIFT_VERSION = 4.0;
				TARGETED_DEVICE_FAMILY = "1,2";
			};
			name = Debug;
		};
		A103C243200A44EB0054DEB1 /* Release */ = {
			isa = XCBuildConfiguration;
			buildSettings = {
				ASSETCATALOG_COMPILER_APPICON_NAME = AppIcon;
				CODE_SIGN_STYLE = Automatic;
				INFOPLIST_FILE = "Aging People/Info.plist";
				LD_RUNPATH_SEARCH_PATHS = "$(inherited) @executable_path/Frameworks";
				PRODUCT_BUNDLE_IDENTIFIER = "com.codingdojo.Aging-People";
				PRODUCT_NAME = "$(TARGET_NAME)";
				SWIFT_VERSION = 4.0;
				TARGETED_DEVICE_FAMILY = "1,2";
			};
			name = Release;
		};
		A103C245200A44EB0054DEB1 /* Debug */ = {
			isa = XCBuildConfiguration;
			buildSettings = {
				ALWAYS_EMBED_SWIFT_STANDARD_LIBRARIES = YES;
				BUNDLE_LOADER = "$(TEST_HOST)";
				CODE_SIGN_STYLE = Automatic;
				INFOPLIST_FILE = "Aging PeopleTests/Info.plist";
				LD_RUNPATH_SEARCH_PATHS = "$(inherited) @executable_path/Frameworks @loader_path/Frameworks";
				PRODUCT_BUNDLE_IDENTIFIER = "com.codingdojo.Aging-PeopleTests";
				PRODUCT_NAME = "$(TARGET_NAME)";
				SWIFT_VERSION = 4.0;
				TARGETED_DEVICE_FAMILY = "1,2";
				TEST_HOST = "$(BUILT_PRODUCTS_DIR)/Aging People.app/Aging People";
			};
			name = Debug;
		};
		A103C246200A44EB0054DEB1 /* Release */ = {
			isa = XCBuildConfiguration;
			buildSettings = {
				ALWAYS_EMBED_SWIFT_STANDARD_LIBRARIES = YES;
				BUNDLE_LOADER = "$(TEST_HOST)";
				CODE_SIGN_STYLE = Automatic;
				INFOPLIST_FILE = "Aging PeopleTests/Info.plist";
				LD_RUNPATH_SEARCH_PATHS = "$(inherited) @executable_path/Frameworks @loader_path/Frameworks";
				PRODUCT_BUNDLE_IDENTIFIER = "com.codingdojo.Aging-PeopleTests";
				PRODUCT_NAME = "$(TARGET_NAME)";
				SWIFT_VERSION = 4.0;
				TARGETED_DEVICE_FAMILY = "1,2";
				TEST_HOST = "$(BUILT_PRODUCTS_DIR)/Aging People.app/Aging People";
			};
			name = Release;
		};
		A103C248200A44EB0054DEB1 /* Debug */ = {
			isa = XCBuildConfiguration;
			buildSettings = {
				ALWAYS_EMBED_SWIFT_STANDARD_LIBRARIES = YES;
				CODE_SIGN_STYLE = Automatic;
				INFOPLIST_FILE = "Aging PeopleUITests/Info.plist";
				LD_RUNPATH_SEARCH_PATHS = "$(inherited) @executable_path/Frameworks @loader_path/Frameworks";
				PRODUCT_BUNDLE_IDENTIFIER = "com.codingdojo.Aging-PeopleUITests";
				PRODUCT_NAME = "$(TARGET_NAME)";
				SWIFT_VERSION = 4.0;
				TARGETED_DEVICE_FAMILY = "1,2";
				TEST_TARGET_NAME = "Aging People";
			};
			name = Debug;
		};
		A103C249200A44EB0054DEB1 /* Release */ = {
			isa = XCBuildConfiguration;
			buildSettings = {
				ALWAYS_EMBED_SWIFT_STANDARD_LIBRARIES = YES;
				CODE_SIGN_STYLE = Automatic;
				INFOPLIST_FILE = "Aging PeopleUITests/Info.plist";
				LD_RUNPATH_SEARCH_PATHS = "$(inherited) @executable_path/Frameworks @loader_path/Frameworks";
				PRODUCT_BUNDLE_IDENTIFIER = "com.codingdojo.Aging-PeopleUITests";
				PRODUCT_NAME = "$(TARGET_NAME)";
				SWIFT_VERSION = 4.0;
				TARGETED_DEVICE_FAMILY = "1,2";
				TEST_TARGET_NAME = "Aging People";
			};
			name = Release;
		};
/* End XCBuildConfiguration section */

/* Begin XCConfigurationList section */
		A103C214200A44EA0054DEB1 /* Build configuration list for PBXProject "Aging People" */ = {
			isa = XCConfigurationList;
			buildConfigurations = (
				A103C23F200A44EB0054DEB1 /* Debug */,
				A103C240200A44EB0054DEB1 /* Release */,
			);
			defaultConfigurationIsVisible = 0;
			defaultConfigurationName = Release;
		};
		A103C241200A44EB0054DEB1 /* Build configuration list for PBXNativeTarget "Aging People" */ = {
			isa = XCConfigurationList;
			buildConfigurations = (
				A103C242200A44EB0054DEB1 /* Debug */,
				A103C243200A44EB0054DEB1 /* Release */,
			);
			defaultConfigurationIsVisible = 0;
			defaultConfigurationName = Release;
		};
		A103C244200A44EB0054DEB1 /* Build configuration list for PBXNativeTarget "Aging PeopleTests" */ = {
			isa = XCConfigurationList;
			buildConfigurations = (
				A103C245200A44EB0054DEB1 /* Debug */,
				A103C246200A44EB0054DEB1 /* Release */,
			);
			defaultConfigurationIsVisible = 0;
			defaultConfigurationName = Release;
		};
		A103C247200A44EB0054DEB1 /* Build configuration list for PBXNativeTarget "Aging PeopleUITests" */ = {
			isa = XCConfigurationList;
			buildConfigurations = (
				A103C248200A44EB0054DEB1 /* Debug */,
				A103C249200A44EB0054DEB1 /* Release */,
			);
			defaultConfigurationIsVisible = 0;
			defaultConfigurationName = Release;
		};
/* End XCConfigurationList section */
	};
	rootObject = A103C211200A44EA0054DEB1 /* Project object */;
}
